
Microsoft Visual Studio Solution File, Format Version 12.00
# Visual Studio Version 16
VisualStudioVersion = 16.0.31321.278
MinimumVisualStudioVersion = 10.0.40219.1
Project("{FAE04EC0-301F-11D3-BF4B-00C04F79EFBC}") = "FilmSearch_BE", "FilmSearch_BE\FilmSearch_BE.csproj", "{FD781A24-F644-4775-8A5C-49C937CB4DA6}"
EndProject
Project("{FAE04EC0-301F-11D3-BF4B-00C04F79EFBC}") = "FilmSearchClasses", "FilmSearchClasses\FilmSearchClasses.csproj", "{6BD29E4E-AE7C-43C4-8FA5-67553DB1EF39}"
EndProject
Global
	GlobalSection(SolutionConfigurationPlatforms) = preSolution
		Debug|Any CPU = Debug|Any CPU
		Release|Any CPU = Release|Any CPU
	EndGlobalSection
	GlobalSection(ProjectConfigurationPlatforms) = postSolution
		{FD781A24-F644-4775-8A5C-49C937CB4DA6}.Debug|Any CPU.ActiveCfg = Debug|Any CPU
		{FD781A24-F644-4775-8A5C-49C937CB4DA6}.Debug|Any CPU.Build.0 = Debug|Any CPU
		{FD781A24-F644-4775-8A5C-49C937CB4DA6}.Release|Any CPU.ActiveCfg = Release|Any CPU
		{FD781A24-F644-4775-8A5C-49C937CB4DA6}.Release|Any CPU.Build.0 = Release|Any CPU
		{6BD29E4E-AE7C-43C4-8FA5-67553DB1EF39}.Debug|Any CPU.ActiveCfg = Debug|Any CPU
		{6BD29E4E-AE7C-43C4-8FA5-67553DB1EF39}.Debug|Any CPU.Build.0 = Debug|Any CPU
		{6BD29E4E-AE7C-43C4-8FA5-67553DB1EF39}.Release|Any CPU.ActiveCfg = Release|Any CPU
		{6BD29E4E-AE7C-43C4-8FA5-67553DB1EF39}.Release|Any CPU.Build.0 = Release|Any CPU
	EndGlobalSection
	GlobalSection(SolutionProperties) = preSolution
		HideSolutionNode = FALSE
	EndGlobalSection
	GlobalSection(ExtensibilityGlobals) = postSolution
		SolutionGuid = {B77933C9-441C-41BA-951B-5741D4E452F5}
	EndGlobalSection
EndGlobal
